
Microsoft Visual Studio Solution File, Format Version 12.00
# Visual Studio Version 17
VisualStudioVersion = 17.6.33801.468
MinimumVisualStudioVersion = 10.0.40219.1
Project("{FAE04EC0-301F-11D3-BF4B-00C04F79EFBC}") = "SpecFlowProject2", "SpecFlowProject2\SpecFlowProject2.csproj", "{04BE9778-7F44-4D3C-8584-1E56F8D530EA}"
EndProject
Global
	GlobalSection(SolutionConfigurationPlatforms) = preSolution
		Debug|Any CPU = Debug|Any CPU
		Release|Any CPU = Release|Any CPU
	EndGlobalSection
	GlobalSection(ProjectConfigurationPlatforms) = postSolution
		{04BE9778-7F44-4D3C-8584-1E56F8D530EA}.Debug|Any CPU.ActiveCfg = Debug|Any CPU
		{04BE9778-7F44-4D3C-8584-1E56F8D530EA}.Debug|Any CPU.Build.0 = Debug|Any CPU
		{04BE9778-7F44-4D3C-8584-1E56F8D530EA}.Release|Any CPU.ActiveCfg = Release|Any CPU
		{04BE9778-7F44-4D3C-8584-1E56F8D530EA}.Release|Any CPU.Build.0 = Release|Any CPU
	EndGlobalSection
	GlobalSection(SolutionProperties) = preSolution
		HideSolutionNode = FALSE
	EndGlobalSection
	GlobalSection(ExtensibilityGlobals) = postSolution
		SolutionGuid = {FB97B1E5-A21D-41EF-B19D-5A57228D1247}
	EndGlobalSection
EndGlobal
